{
  "version": "1.0.0",
  "lockfileVersion": 1,
  "workspaces": {
    "packages/my-project": {
      "name": "ts-starter-monorepo",
      "version": "0.0.0",
      "devDependencies": {
        "bunfig": "^0.15.6"
      }
    },
    "": {
      "name": "ts-starter-monorepo",
      "devDependencies": {
        "better-dx": "^0.2.5"
      }
    }
  },
  "packages": {
    "bunfig@0.15.6": {
      "name": "bunfig",
      "version": "0.15.6",
      "source": "npm",
      "resolved": "https://registry.npmjs.org/bunfig/-/bunfig-0.15.6.tgz",
      "integrity": "sha512-7ynPmrn1dN5F+0DtUVY0Vo2MZOOnSdb6hpQePwABEYIJ+d/rSb3vaOVUs3MFxwxWuaVc1FEStVJG6+kCgbLuyg==",
      "dependencies": {
        "@stacksjs/clapp": "^0.2.0",
        "@stacksjs/clarity": "^0.3.24"
      },
      "bin": {
        "bunfig": "./bin/cli.js"
      }
    },
    "better-dx@0.2.6": {
      "name": "better-dx",
      "version": "0.2.6",
      "source": "npm",
      "resolved": "https://registry.npmjs.org/better-dx/-/better-dx-0.2.6.tgz",
      "integrity": "sha512-URM3tw5Zd9vgQ1Jsgbfuj/nMkSvw9zXgLbJihq5eY0VqBdywGcT5ZBWfS0MD5z+va8M3/eDtvlG2DsNFJzXW7g==",
      "peerDependencies": {
        "@stacksjs/logsmith": "^0.2.1",
        "@stacksjs/bunpress": "^0.1.1",
        "bun-plugin-dtsx": "^0.9.10",
        "@stacksjs/bumpx": "^0.2.4",
        "ts-error-handling": "^0.1.1",
        "bun-git-hooks": "^0.3.1",
        "@stacksjs/gitlint": "^0.1.5",
        "pickier": "^0.1.20",
        "bunfig": "^0.15.6",
        "typescript": "^5.9.3",
        "buddy-bot": "^0.9.16",
        "@types/bun": "^1.3.9",
        "@stacksjs/clarity": "^0.3.24"
      },
      "bin": {
        "better-dx": "./dist/bin/cli.js",
        "dx": "./dist/bin/cli.js"
      }
    }
  }
}
